
Microsoft Visual Studio Solution File, Format Version 12.00
# Visual Studio Version 17
VisualStudioVersion = 17.14.36127.28
MinimumVisualStudioVersion = 10.0.40219.1
Project("{FAE04EC0-301F-11D3-BF4B-00C04F79EFBC}") = "ScannerSdk", "ScannerSdk\ScannerSdk.csproj", "{2BF066D3-A457-4D2F-9AF8-09BE33E77139}"
EndProject
Project("{FAE04EC0-301F-11D3-BF4B-00C04F79EFBC}") = "ScannerSdk.Agent", "ScannerSdk.Aget\ScannerSdk.Agent.csproj", "{754E5D9F-CD95-47E6-97D8-E8DA05E61AC4}"
EndProject
Global
	GlobalSection(SolutionConfigurationPlatforms) = preSolution
		Debug|Any CPU = Debug|Any CPU
		Release|Any CPU = Release|Any CPU
	EndGlobalSection
	GlobalSection(ProjectConfigurationPlatforms) = postSolution
		{2BF066D3-A457-4D2F-9AF8-09BE33E77139}.Debug|Any CPU.ActiveCfg = Debug|Any CPU
		{2BF066D3-A457-4D2F-9AF8-09BE33E77139}.Debug|Any CPU.Build.0 = Debug|Any CPU
		{2BF066D3-A457-4D2F-9AF8-09BE33E77139}.Release|Any CPU.ActiveCfg = Release|Any CPU
		{2BF066D3-A457-4D2F-9AF8-09BE33E77139}.Release|Any CPU.Build.0 = Release|Any CPU
		{754E5D9F-CD95-47E6-97D8-E8DA05E61AC4}.Debug|Any CPU.ActiveCfg = Debug|Any CPU
		{754E5D9F-CD95-47E6-97D8-E8DA05E61AC4}.Debug|Any CPU.Build.0 = Debug|Any CPU
		{754E5D9F-CD95-47E6-97D8-E8DA05E61AC4}.Release|Any CPU.ActiveCfg = Release|Any CPU
		{754E5D9F-CD95-47E6-97D8-E8DA05E61AC4}.Release|Any CPU.Build.0 = Release|Any CPU
	EndGlobalSection
	GlobalSection(SolutionProperties) = preSolution
		HideSolutionNode = FALSE
	EndGlobalSection
	GlobalSection(ExtensibilityGlobals) = postSolution
		SolutionGuid = {2768DE14-A613-4F49-AA25-37FA087383DA}
	EndGlobalSection
EndGlobal
